// !$*UTF8*$!
{
	archiveVersion = 1;
	classes = {
	};
	objectVersion = 55;
	objects = {

/* Begin PBXBuildFile section */
		DC23B58A285F6FEE00CEAEAB /* WebViewPresenter.swift in Sources */ = {isa = PBXBuildFile; fileRef = DC23B589285F6FEE00CEAEAB /* WebViewPresenter.swift */; };
		DC23B58D285F728200CEAEAB /* Assembler.swift in Sources */ = {isa = PBXBuildFile; fileRef = DC23B58C285F728200CEAEAB /* Assembler.swift */; };
		DCC16662285EF6B000BA27C6 /* AppDelegate.swift in Sources */ = {isa = PBXBuildFile; fileRef = DCC16661285EF6B000BA27C6 /* AppDelegate.swift */; };
		DCC16664285EF6B000BA27C6 /* SceneDelegate.swift in Sources */ = {isa = PBXBuildFile; fileRef = DCC16663285EF6B000BA27C6 /* SceneDelegate.swift */; };
		DCC16666285EF6B000BA27C6 /* CaptureViewController.swift in Sources */ = {isa = PBXBuildFile; fileRef = DCC16665285EF6B000BA27C6 /* CaptureViewController.swift */; };
		DCC1666B285EF6B500BA27C6 /* Assets.xcassets in Resources */ = {isa = PBXBuildFile; fileRef = DCC1666A285EF6B500BA27C6 /* Assets.xcassets */; };
		DCC1666E285EF6B500BA27C6 /* LaunchScreen.storyboard in Resources */ = {isa = PBXBuildFile; fileRef = DCC1666C285EF6B500BA27C6 /* LaunchScreen.storyboard */; };
		DCC1667E285F54BE00BA27C6 /* CapturePresenter.swift in Sources */ = {isa = PBXBuildFile; fileRef = DCC1667D285F54BE00BA27C6 /* CapturePresenter.swift */; };
		DCC16684285F571A00BA27C6 /* WebViewController.swift in Sources */ = {isa = PBXBuildFile; fileRef = DCC16683285F571A00BA27C6 /* WebViewController.swift */; };
/* End PBXBuildFile section */

/* Begin PBXFileReference section */
		DC23B589285F6FEE00CEAEAB /* WebViewPresenter.swift */ = {isa = PBXFileReference; lastKnownFileType = sourcecode.swift; path = WebViewPresenter.swift; sourceTree = "<group>"; };
		DC23B58C285F728200CEAEAB /* Assembler.swift */ = {isa = PBXFileReference; lastKnownFileType = sourcecode.swift; path = Assembler.swift; sourceTree = "<group>"; };
		DCC1665E285EF6B000BA27C6 /* QRScanner.app */ = {isa = PBXFileReference; explicitFileType = wrapper.application; includeInIndex = 0; path = QRScanner.app; sourceTree = BUILT_PRODUCTS_DIR; };
		DCC16661285EF6B000BA27C6 /* AppDelegate.swift */ = {isa = PBXFileReference; lastKnownFileType = sourcecode.swift; path = AppDelegate.swift; sourceTree = "<group>"; };
		DCC16663285EF6B000BA27C6 /* SceneDelegate.swift */ = {isa = PBXFileReference; lastKnownFileType = sourcecode.swift; path = SceneDelegate.swift; sourceTree = "<group>"; };
		DCC16665285EF6B000BA27C6 /* CaptureViewController.swift */ = {isa = PBXFileReference; lastKnownFileType = sourcecode.swift; path = CaptureViewController.swift; sourceTree = "<group>"; };
		DCC1666A285EF6B500BA27C6 /* Assets.xcassets */ = {isa = PBXFileReference; lastKnownFileType = folder.assetcatalog; path = Assets.xcassets; sourceTree = "<group>"; };
		DCC1666D285EF6B500BA27C6 /* Base */ = {isa = PBXFileReference; lastKnownFileType = file.storyboard; name = Base; path = Base.lproj/LaunchScreen.storyboard; sourceTree = "<group>"; };
		DCC1666F285EF6B500BA27C6 /* Info.plist */ = {isa = PBXFileReference; lastKnownFileType = text.plist.xml; path = Info.plist; sourceTree = "<group>"; };
		DCC1667D285F54BE00BA27C6 /* CapturePresenter.swift */ = {isa = PBXFileReference; lastKnownFileType = sourcecode.swift; path = CapturePresenter.swift; sourceTree = "<group>"; };
		DCC16683285F571A00BA27C6 /* WebViewController.swift */ = {isa = PBXFileReference; lastKnownFileType = sourcecode.swift; path = WebViewController.swift; sourceTree = "<group>"; };
/* End PBXFileReference section */

/* Begin PBXFrameworksBuildPhase section */
		DCC1665B285EF6AF00BA27C6 /* Frameworks */ = {
			isa = PBXFrameworksBuildPhase;
			buildActionMask = 2147483647;
			files = (
			);
			runOnlyForDeploymentPostprocessing = 0;
		};
/* End PBXFrameworksBuildPhase section */

/* Begin PBXGroup section */
		DC23B58B285F721600CEAEAB /* Assembly */ = {
			isa = PBXGroup;
			children = (
				DC23B58C285F728200CEAEAB /* Assembler.swift */,
			);
			path = Assembly;
			sourceTree = "<group>";
		};
		DCC16655285EF6AF00BA27C6 = {
			isa = PBXGroup;
			children = (
				DCC16660285EF6B000BA27C6 /* QRScanner */,
				DCC1665F285EF6B000BA27C6 /* Products */,
			);
			sourceTree = "<group>";
		};
		DCC1665F285EF6B000BA27C6 /* Products */ = {
			isa = PBXGroup;
			children = (
				DCC1665E285EF6B000BA27C6 /* QRScanner.app */,
			);
			name = Products;
			sourceTree = "<group>";
		};
		DCC16660285EF6B000BA27C6 /* QRScanner */ = {
			isa = PBXGroup;
			children = (
				DCC16676285EF6EA00BA27C6 /* Source */,
				DCC16675285EF6D000BA27C6 /* Resource */,
				DCC1666C285EF6B500BA27C6 /* LaunchScreen.storyboard */,
			);
			path = QRScanner;
			sourceTree = "<group>";
		};
		DCC16675285EF6D000BA27C6 /* Resource */ = {
			isa = PBXGroup;
			children = (
				DCC1666A285EF6B500BA27C6 /* Assets.xcassets */,
				DCC1667A285EF71F00BA27C6 /* Config */,
			);
			path = Resource;
			sourceTree = "<group>";
		};
		DCC16676285EF6EA00BA27C6 /* Source */ = {
			isa = PBXGroup;
			children = (
				DC23B58B285F721600CEAEAB /* Assembly */,
				DCC16677285EF6F800BA27C6 /* App */,
				DCC16680285F56EB00BA27C6 /* WebViewModule */,
				DCC16678285EF70100BA27C6 /* CaptureModule */,
			);
			path = Source;
			sourceTree = "<group>";
		};
		DCC16677285EF6F800BA27C6 /* App */ = {
			isa = PBXGroup;
			children = (
				DCC16661285EF6B000BA27C6 /* AppDelegate.swift */,
				DCC16663285EF6B000BA27C6 /* SceneDelegate.swift */,
			);
			path = App;
			sourceTree = "<group>";
		};
		DCC16678285EF70100BA27C6 /* CaptureModule */ = {
			isa = PBXGroup;
			children = (
				DCC16679285EF71200BA27C6 /* View */,
				DCC1667F285F54D600BA27C6 /* Presenter */,
			);
			path = CaptureModule;
			sourceTree = "<group>";
		};
		DCC16679285EF71200BA27C6 /* View */ = {
			isa = PBXGroup;
			children = (
				DCC16665285EF6B000BA27C6 /* CaptureViewController.swift */,
			);
			path = View;
			sourceTree = "<group>";
		};
		DCC1667A285EF71F00BA27C6 /* Config */ = {
			isa = PBXGroup;
			children = (
				DCC1666F285EF6B500BA27C6 /* Info.plist */,
			);
			path = Config;
			sourceTree = "<group>";
		};
		DCC1667F285F54D600BA27C6 /* Presenter */ = {
			isa = PBXGroup;
			children = (
				DCC1667D285F54BE00BA27C6 /* CapturePresenter.swift */,
			);
			path = Presenter;
			sourceTree = "<group>";
		};
		DCC16680285F56EB00BA27C6 /* WebViewModule */ = {
			isa = PBXGroup;
			children = (
				DCC16682285F570800BA27C6 /* Presenter */,
				DCC16681285F570300BA27C6 /* View */,
			);
			path = WebViewModule;
			sourceTree = "<group>";
		};
		DCC16681285F570300BA27C6 /* View */ = {
			isa = PBXGroup;
			children = (
				DCC16683285F571A00BA27C6 /* WebViewController.swift */,
			);
			path = View;
			sourceTree = "<group>";
		};
		DCC16682285F570800BA27C6 /* Presenter */ = {
			isa = PBXGroup;
			children = (
				DC23B589285F6FEE00CEAEAB /* WebViewPresenter.swift */,
			);
			path = Presenter;
			sourceTree = "<group>";
		};
/* End PBXGroup section */

/* Begin PBXNativeTarget section */
		DCC1665D285EF6AF00BA27C6 /* QRScanner */ = {
			isa = PBXNativeTarget;
			buildConfigurationList = DCC16672285EF6B500BA27C6 /* Build configuration list for PBXNativeTarget "QRScanner" */;
			buildPhases = (
				DCC1665A285EF6AF00BA27C6 /* Sources */,
				DCC1665B285EF6AF00BA27C6 /* Frameworks */,
				DCC1665C285EF6AF00BA27C6 /* Resources */,
			);
			buildRules = (
			);
			dependencies = (
			);
			name = QRScanner;
			productName = QRScanner;
			productReference = DCC1665E285EF6B000BA27C6 /* QRScanner.app */;
			productType = "com.apple.product-type.application";
		};
/* End PBXNativeTarget section */

/* Begin PBXProject section */
		DCC16656285EF6AF00BA27C6 /* Project object */ = {
			isa = PBXProject;
			attributes = {
				BuildIndependentTargetsInParallel = 1;
				LastSwiftUpdateCheck = 1340;
				LastUpgradeCheck = 1340;
				TargetAttributes = {
					DCC1665D285EF6AF00BA27C6 = {
						CreatedOnToolsVersion = 13.4;
					};
				};
			};
			buildConfigurationList = DCC16659285EF6AF00BA27C6 /* Build configuration list for PBXProject "QRScanner" */;
			compatibilityVersion = "Xcode 13.0";
			developmentRegion = en;
			hasScannedForEncodings = 0;
			knownRegions = (
				en,
				Base,
			);
			mainGroup = DCC16655285EF6AF00BA27C6;
			productRefGroup = DCC1665F285EF6B000BA27C6 /* Products */;
			projectDirPath = "";
			projectRoot = "";
			targets = (
				DCC1665D285EF6AF00BA27C6 /* QRScanner */,
			);
		};
/* End PBXProject section */

/* Begin PBXResourcesBuildPhase section */
		DCC1665C285EF6AF00BA27C6 /* Resources */ = {
			isa = PBXResourcesBuildPhase;
			buildActionMask = 2147483647;
			files = (
				DCC1666E285EF6B500BA27C6 /* LaunchScreen.storyboard in Resources */,
				DCC1666B285EF6B500BA27C6 /* Assets.xcassets in Resources */,
			);
			runOnlyForDeploymentPostprocessing = 0;
		};
/* End PBXResourcesBuildPhase section */

/* Begin PBXSourcesBuildPhase section */
		DCC1665A285EF6AF00BA27C6 /* Sources */ = {
			isa = PBXSourcesBuildPhase;
			buildActionMask = 2147483647;
			files = (
				DCC16666285EF6B000BA27C6 /* CaptureViewController.swift in Sources */,
				DCC1667E285F54BE00BA27C6 /* CapturePresenter.swift in Sources */,
				DC23B58D285F728200CEAEAB /* Assembler.swift in Sources */,
				DCC16662285EF6B000BA27C6 /* AppDelegate.swift in Sources */,
				DCC16684285F571A00BA27C6 /* WebViewController.swift in Sources */,
				DC23B58A285F6FEE00CEAEAB /* WebViewPresenter.swift in Sources */,
				DCC16664285EF6B000BA27C6 /* SceneDelegate.swift in Sources */,
			);
			runOnlyForDeploymentPostprocessing = 0;
		};
/* End PBXSourcesBuildPhase section */

/* Begin PBXVariantGroup section */
		DCC1666C285EF6B500BA27C6 /* LaunchScreen.storyboard */ = {
			isa = PBXVariantGroup;
			children = (
				DCC1666D285EF6B500BA27C6 /* Base */,
			);
			name = LaunchScreen.storyboard;
			sourceTree = "<group>";
		};
/* End PBXVariantGroup section */

/* Begin XCBuildConfiguration section */
		DCC16670285EF6B500BA27C6 /* Debug */ = {
			isa = XCBuildConfiguration;
			buildSettings = {
				ALWAYS_SEARCH_USER_PATHS = NO;
				CLANG_ANALYZER_NONNULL = YES;
				CLANG_ANALYZER_NUMBER_OBJECT_CONVERSION = YES_AGGRESSIVE;
				CLANG_CXX_LANGUAGE_STANDARD = "gnu++17";
				CLANG_ENABLE_MODULES = YES;
				CLANG_ENABLE_OBJC_ARC = YES;
				CLANG_ENABLE_OBJC_WEAK = YES;
				CLANG_WARN_BLOCK_CAPTURE_AUTORELEASING = YES;
				CLANG_WARN_BOOL_CONVERSION = YES;
				CLANG_WARN_COMMA = YES;
				CLANG_WARN_CONSTANT_CONVERSION = YES;
				CLANG_WARN_DEPRECATED_OBJC_IMPLEMENTATIONS = YES;
				CLANG_WARN_DIRECT_OBJC_ISA_USAGE = YES_ERROR;
				CLANG_WARN_DOCUMENTATION_COMMENTS = YES;
				CLANG_WARN_EMPTY_BODY = YES;
				CLANG_WARN_ENUM_CONVERSION = YES;
				CLANG_WARN_INFINITE_RECURSION = YES;
				CLANG_WARN_INT_CONVERSION = YES;
				CLANG_WARN_NON_LITERAL_NULL_CONVERSION = YES;
				CLANG_WARN_OBJC_IMPLICIT_RETAIN_SELF = YES;
				CLANG_WARN_OBJC_LITERAL_CONVERSION = YES;
				CLANG_WARN_OBJC_ROOT_CLASS = YES_ERROR;
				CLANG_WARN_QUOTED_INCLUDE_IN_FRAMEWORK_HEADER = YES;
				CLANG_WARN_RANGE_LOOP_ANALYSIS = YES;
				CLANG_WARN_STRICT_PROTOTYPES = YES;
				CLANG_WARN_SUSPICIOUS_MOVE = YES;
				CLANG_WARN_UNGUARDED_AVAILABILITY = YES_AGGRESSIVE;
				CLANG_WARN_UNREACHABLE_CODE = YES;
				CLANG_WARN__DUPLICATE_METHOD_MATCH = YES;
				COPY_PHASE_STRIP = NO;
				DEBUG_INFORMATION_FORMAT = dwarf;
				ENABLE_STRICT_OBJC_MSGSEND = YES;
				ENABLE_TESTABILITY = YES;
				GCC_C_LANGUAGE_STANDARD = gnu11;
				GCC_DYNAMIC_NO_PIC = NO;
				GCC_NO_COMMON_BLOCKS = YES;
				GCC_OPTIMIZATION_LEVEL = 0;
				GCC_PREPROCESSOR_DEFINITIONS = (
					"DEBUG=1",
					"$(inherited)",
				);
				GCC_WARN_64_TO_32_BIT_CONVERSION = YES;
				GCC_WARN_ABOUT_RETURN_TYPE = YES_ERROR;
				GCC_WARN_UNDECLARED_SELECTOR = YES;
				GCC_WARN_UNINITIALIZED_AUTOS = YES_AGGRESSIVE;
				GCC_WARN_UNUSED_FUNCTION = YES;
				GCC_WARN_UNUSED_VARIABLE = YES;
				IPHONEOS_DEPLOYMENT_TARGET = 15.3;
				MTL_ENABLE_DEBUG_INFO = INCLUDE_SOURCE;
				MTL_FAST_MATH = YES;
				ONLY_ACTIVE_ARCH = YES;
				SDKROOT = iphoneos;
				SWIFT_ACTIVE_COMPILATION_CONDITIONS = DEBUG;
				SWIFT_OPTIMIZATION_LEVEL = "-Onone";
			};
			name = Debug;
		};
		DCC16671285EF6B500BA27C6 /* Release */ = {
			isa = XCBuildConfiguration;
			buildSettings = {
				ALWAYS_SEARCH_USER_PATHS = NO;
				CLANG_ANALYZER_NONNULL = YES;
				CLANG_ANALYZER_NUMBER_OBJECT_CONVERSION = YES_AGGRESSIVE;
				CLANG_CXX_LANGUAGE_STANDARD = "gnu++17";
				CLANG_ENABLE_MODULES = YES;
				CLANG_ENABLE_OBJC_ARC = YES;
				CLANG_ENABLE_OBJC_WEAK = YES;
				CLANG_WARN_BLOCK_CAPTURE_AUTORELEASING = YES;
				CLANG_WARN_BOOL_CONVERSION = YES;
				CLANG_WARN_COMMA = YES;
				CLANG_WARN_CONSTANT_CONVERSION = YES;
				CLANG_WARN_DEPRECATED_OBJC_IMPLEMENTATIONS = YES;
				CLANG_WARN_DIRECT_OBJC_ISA_USAGE = YES_ERROR;
				CLANG_WARN_DOCUMENTATION_COMMENTS = YES;
				CLANG_WARN_EMPTY_BODY = YES;
				CLANG_WARN_ENUM_CONVERSION = YES;
				CLANG_WARN_INFINITE_RECURSION = YES;
				CLANG_WARN_INT_CONVERSION = YES;
				CLANG_WARN_NON_LITERAL_NULL_CONVERSION = YES;
				CLANG_WARN_OBJC_IMPLICIT_RETAIN_SELF = YES;
				CLANG_WARN_OBJC_LITERAL_CONVERSION = YES;
				CLANG_WARN_OBJC_ROOT_CLASS = YES_ERROR;
				CLANG_WARN_QUOTED_INCLUDE_IN_FRAMEWORK_HEADER = YES;
				CLANG_WARN_RANGE_LOOP_ANALYSIS = YES;
				CLANG_WARN_STRICT_PROTOTYPES = YES;
				CLANG_WARN_SUSPICIOUS_MOVE = YES;
				CLANG_WARN_UNGUARDED_AVAILABILITY = YES_AGGRESSIVE;
				CLANG_WARN_UNREACHABLE_CODE = YES;
				CLANG_WARN__DUPLICATE_METHOD_MATCH = YES;
				COPY_PHASE_STRIP = NO;
				DEBUG_INFORMATION_FORMAT = "dwarf-with-dsym";
				ENABLE_NS_ASSERTIONS = NO;
				ENABLE_STRICT_OBJC_MSGSEND = YES;
				GCC_C_LANGUAGE_STANDARD = gnu11;
				GCC_NO_COMMON_BLOCKS = YES;
				GCC_WARN_64_TO_32_BIT_CONVERSION = YES;
				GCC_WARN_ABOUT_RETURN_TYPE = YES_ERROR;
				GCC_WARN_UNDECLARED_SELECTOR = YES;
				GCC_WARN_UNINITIALIZED_AUTOS = YES_AGGRESSIVE;
				GCC_WARN_UNUSED_FUNCTION = YES;
				GCC_WARN_UNUSED_VARIABLE = YES;
				IPHONEOS_DEPLOYMENT_TARGET = 15.3;
				MTL_ENABLE_DEBUG_INFO = NO;
				MTL_FAST_MATH = YES;
				SDKROOT = iphoneos;
				SWIFT_COMPILATION_MODE = wholemodule;
				SWIFT_OPTIMIZATION_LEVEL = "-O";
				VALIDATE_PRODUCT = YES;
			};
			name = Release;
		};
		DCC16673285EF6B500BA27C6 /* Debug */ = {
			isa = XCBuildConfiguration;
			buildSettings = {
				ASSETCATALOG_COMPILER_APPICON_NAME = AppIcon;
				ASSETCATALOG_COMPILER_GLOBAL_ACCENT_COLOR_NAME = AccentColor;
				CODE_SIGN_STYLE = Automatic;
				CURRENT_PROJECT_VERSION = 1;
				DEVELOPMENT_TEAM = 5G3XQ776SS;
				GENERATE_INFOPLIST_FILE = YES;
				INFOPLIST_FILE = QRScanner/Resource/Config/Info.plist;
				INFOPLIST_KEY_NSCameraUsageDescription = "Дай доступ к камере";
				INFOPLIST_KEY_UIApplicationSupportsIndirectInputEvents = YES;
				INFOPLIST_KEY_UILaunchStoryboardName = LaunchScreen;
				INFOPLIST_KEY_UISupportedInterfaceOrientations = UIInterfaceOrientationPortrait;
				INFOPLIST_KEY_UISupportedInterfaceOrientations_iPad = "UIInterfaceOrientationPortrait UIInterfaceOrientationPortraitUpsideDown UIInterfaceOrientationLandscapeLeft UIInterfaceOrientationLandscapeRight";
				INFOPLIST_KEY_UISupportedInterfaceOrientations_iPhone = "UIInterfaceOrientationPortrait UIInterfaceOrientationLandscapeLeft UIInterfaceOrientationLandscapeRight";
				IPHONEOS_DEPLOYMENT_TARGET = 15.3;
				LD_RUNPATH_SEARCH_PATHS = (
					"$(inherited)",
					"@executable_path/Frameworks",
				);
				MARKETING_VERSION = 1.0;
				PRODUCT_BUNDLE_IDENTIFIER = com.my.QRScannerr;
				PRODUCT_NAME = "$(TARGET_NAME)";
				SWIFT_EMIT_LOC_STRINGS = YES;
				SWIFT_VERSION = 5.0;
				TARGETED_DEVICE_FAMILY = 1;
			};
			name = Debug;
		};
		DCC16674285EF6B500BA27C6 /* Release */ = {
			isa = XCBuildConfiguration;
			buildSettings = {
				ASSETCATALOG_COMPILER_APPICON_NAME = AppIcon;
				ASSETCATALOG_COMPILER_GLOBAL_ACCENT_COLOR_NAME = AccentColor;
				CODE_SIGN_STYLE = Automatic;
				CURRENT_PROJECT_VERSION = 1;
				DEVELOPMENT_TEAM = 5G3XQ776SS;
				GENERATE_INFOPLIST_FILE = YES;
				INFOPLIST_FILE = QRScanner/Resource/Config/Info.plist;
				INFOPLIST_KEY_NSCameraUsageDescription = "Дай доступ к камере";
				INFOPLIST_KEY_UIApplicationSupportsIndirectInputEvents = YES;
				INFOPLIST_KEY_UILaunchStoryboardName = LaunchScreen;
				INFOPLIST_KEY_UISupportedInterfaceOrientations = UIInterfaceOrientationPortrait;
				INFOPLIST_KEY_UISupportedInterfaceOrientations_iPad = "UIInterfaceOrientationPortrait UIInterfaceOrientationPortraitUpsideDown UIInterfaceOrientationLandscapeLeft UIInterfaceOrientationLandscapeRight";
				INFOPLIST_KEY_UISupportedInterfaceOrientations_iPhone = "UIInterfaceOrientationPortrait UIInterfaceOrientationLandscapeLeft UIInterfaceOrientationLandscapeRight";
				IPHONEOS_DEPLOYMENT_TARGET = 15.3;
				LD_RUNPATH_SEARCH_PATHS = (
					"$(inherited)",
					"@executable_path/Frameworks",
				);
				MARKETING_VERSION = 1.0;
				PRODUCT_BUNDLE_IDENTIFIER = com.my.QRScannerr;
				PRODUCT_NAME = "$(TARGET_NAME)";
				SWIFT_EMIT_LOC_STRINGS = YES;
				SWIFT_VERSION = 5.0;
				TARGETED_DEVICE_FAMILY = 1;
			};
			name = Release;
		};
/* End XCBuildConfiguration section */

/* Begin XCConfigurationList section */
		DCC16659285EF6AF00BA27C6 /* Build configuration list for PBXProject "QRScanner" */ = {
			isa = XCConfigurationList;
			buildConfigurations = (
				DCC16670285EF6B500BA27C6 /* Debug */,
				DCC16671285EF6B500BA27C6 /* Release */,
			);
			defaultConfigurationIsVisible = 0;
			defaultConfigurationName = Release;
		};
		DCC16672285EF6B500BA27C6 /* Build configuration list for PBXNativeTarget "QRScanner" */ = {
			isa = XCConfigurationList;
			buildConfigurations = (
				DCC16673285EF6B500BA27C6 /* Debug */,
				DCC16674285EF6B500BA27C6 /* Release */,
			);
			defaultConfigurationIsVisible = 0;
			defaultConfigurationName = Release;
		};
/* End XCConfigurationList section */
	};
	rootObject = DCC16656285EF6AF00BA27C6 /* Project object */;
}
